// !$*UTF8*$!
{
	archiveVersion = 1;
	classes = {
	};
	objectVersion = 56;
	objects = {

/* Begin PBXBuildFile section */
		512A62D82B6BEAC0005BD723 /* AppDelegate.swift in Sources */ = {isa = PBXBuildFile; fileRef = 512A62D72B6BEAC0005BD723 /* AppDelegate.swift */; };
		512A62DA2B6BEAC0005BD723 /* SceneDelegate.swift in Sources */ = {isa = PBXBuildFile; fileRef = 512A62D92B6BEAC0005BD723 /* SceneDelegate.swift */; };
		512A62E12B6BEAC4005BD723 /* Assets.xcassets in Resources */ = {isa = PBXBuildFile; fileRef = 512A62E02B6BEAC4005BD723 /* Assets.xcassets */; };
		512A62E42B6BEAC4005BD723 /* LaunchScreen.storyboard in Resources */ = {isa = PBXBuildFile; fileRef = 512A62E22B6BEAC4005BD723 /* LaunchScreen.storyboard */; };
		512A62EC2B6BEB84005BD723 /* FileManagerView.swift in Sources */ = {isa = PBXBuildFile; fileRef = 512A62EB2B6BEB84005BD723 /* FileManagerView.swift */; };
		512A62EF2B6BEECD005BD723 /* FileManagerService.swift in Sources */ = {isa = PBXBuildFile; fileRef = 512A62EE2B6BEECD005BD723 /* FileManagerService.swift */; };
		51BC33282B6FD6F400F5E032 /* LoginView.swift in Sources */ = {isa = PBXBuildFile; fileRef = 51BC33272B6FD6F400F5E032 /* LoginView.swift */; };
		51BC332B2B6FD8E800F5E032 /* UIKitExtension.swift in Sources */ = {isa = PBXBuildFile; fileRef = 51BC332A2B6FD8E800F5E032 /* UIKitExtension.swift */; };
		51BC33302B751AF500F5E032 /* LoginPresenter.swift in Sources */ = {isa = PBXBuildFile; fileRef = 51BC332F2B751AF500F5E032 /* LoginPresenter.swift */; };
		51BC33332B765F6400F5E032 /* KeychainSwift in Frameworks */ = {isa = PBXBuildFile; productRef = 51BC33322B765F6400F5E032 /* KeychainSwift */; };
		51BC33352B765FAD00F5E032 /* KeychainManager.swift in Sources */ = {isa = PBXBuildFile; fileRef = 51BC33342B765FAD00F5E032 /* KeychainManager.swift */; };
		51BC33372B766B8A00F5E032 /* Builder.swift in Sources */ = {isa = PBXBuildFile; fileRef = 51BC33362B766B8A00F5E032 /* Builder.swift */; };
		51BC33392B76C06C00F5E032 /* SettingsView.swift in Sources */ = {isa = PBXBuildFile; fileRef = 51BC33382B76C06C00F5E032 /* SettingsView.swift */; };
		51BC333B2B77787900F5E032 /* UserDefaults.swift in Sources */ = {isa = PBXBuildFile; fileRef = 51BC333A2B77787900F5E032 /* UserDefaults.swift */; };
		51DFFF7F2B6D2F5300499FE9 /* ImagePicker.swift in Sources */ = {isa = PBXBuildFile; fileRef = 51DFFF7E2B6D2F5300499FE9 /* ImagePicker.swift */; };
/* End PBXBuildFile section */

/* Begin PBXFileReference section */
		512A62D42B6BEAC0005BD723 /* FileManager_BlinovIOS39.app */ = {isa = PBXFileReference; explicitFileType = wrapper.application; includeInIndex = 0; path = FileManager_BlinovIOS39.app; sourceTree = BUILT_PRODUCTS_DIR; };
		512A62D72B6BEAC0005BD723 /* AppDelegate.swift */ = {isa = PBXFileReference; lastKnownFileType = sourcecode.swift; path = AppDelegate.swift; sourceTree = "<group>"; };
		512A62D92B6BEAC0005BD723 /* SceneDelegate.swift */ = {isa = PBXFileReference; lastKnownFileType = sourcecode.swift; path = SceneDelegate.swift; sourceTree = "<group>"; };
		512A62E02B6BEAC4005BD723 /* Assets.xcassets */ = {isa = PBXFileReference; lastKnownFileType = folder.assetcatalog; path = Assets.xcassets; sourceTree = "<group>"; };
		512A62E32B6BEAC4005BD723 /* Base */ = {isa = PBXFileReference; lastKnownFileType = file.storyboard; name = Base; path = Base.lproj/LaunchScreen.storyboard; sourceTree = "<group>"; };
		512A62E52B6BEAC4005BD723 /* Info.plist */ = {isa = PBXFileReference; lastKnownFileType = text.plist.xml; path = Info.plist; sourceTree = "<group>"; };
		512A62EB2B6BEB84005BD723 /* FileManagerView.swift */ = {isa = PBXFileReference; lastKnownFileType = sourcecode.swift; path = FileManagerView.swift; sourceTree = "<group>"; };
		512A62EE2B6BEECD005BD723 /* FileManagerService.swift */ = {isa = PBXFileReference; lastKnownFileType = sourcecode.swift; path = FileManagerService.swift; sourceTree = "<group>"; };
		51BC33272B6FD6F400F5E032 /* LoginView.swift */ = {isa = PBXFileReference; lastKnownFileType = sourcecode.swift; path = LoginView.swift; sourceTree = "<group>"; };
		51BC332A2B6FD8E800F5E032 /* UIKitExtension.swift */ = {isa = PBXFileReference; lastKnownFileType = sourcecode.swift; path = UIKitExtension.swift; sourceTree = "<group>"; };
		51BC332F2B751AF500F5E032 /* LoginPresenter.swift */ = {isa = PBXFileReference; lastKnownFileType = sourcecode.swift; path = LoginPresenter.swift; sourceTree = "<group>"; };
		51BC33342B765FAD00F5E032 /* KeychainManager.swift */ = {isa = PBXFileReference; lastKnownFileType = sourcecode.swift; path = KeychainManager.swift; sourceTree = "<group>"; };
		51BC33362B766B8A00F5E032 /* Builder.swift */ = {isa = PBXFileReference; lastKnownFileType = sourcecode.swift; path = Builder.swift; sourceTree = "<group>"; };
		51BC33382B76C06C00F5E032 /* SettingsView.swift */ = {isa = PBXFileReference; lastKnownFileType = sourcecode.swift; path = SettingsView.swift; sourceTree = "<group>"; };
		51BC333A2B77787900F5E032 /* UserDefaults.swift */ = {isa = PBXFileReference; lastKnownFileType = sourcecode.swift; path = UserDefaults.swift; sourceTree = "<group>"; };
		51DFFF7E2B6D2F5300499FE9 /* ImagePicker.swift */ = {isa = PBXFileReference; lastKnownFileType = sourcecode.swift; path = ImagePicker.swift; sourceTree = "<group>"; };
/* End PBXFileReference section */

/* Begin PBXFrameworksBuildPhase section */
		512A62D12B6BEAC0005BD723 /* Frameworks */ = {
			isa = PBXFrameworksBuildPhase;
			buildActionMask = 2147483647;
			files = (
				51BC33332B765F6400F5E032 /* KeychainSwift in Frameworks */,
			);
			runOnlyForDeploymentPostprocessing = 0;
		};
/* End PBXFrameworksBuildPhase section */

/* Begin PBXGroup section */
		512A62CB2B6BEAC0005BD723 = {
			isa = PBXGroup;
			children = (
				512A62D62B6BEAC0005BD723 /* FileManager_BlinovIOS39 */,
				512A62D52B6BEAC0005BD723 /* Products */,
			);
			sourceTree = "<group>";
		};
		512A62D52B6BEAC0005BD723 /* Products */ = {
			isa = PBXGroup;
			children = (
				512A62D42B6BEAC0005BD723 /* FileManager_BlinovIOS39.app */,
			);
			name = Products;
			sourceTree = "<group>";
		};
		512A62D62B6BEAC0005BD723 /* FileManager_BlinovIOS39 */ = {
			isa = PBXGroup;
			children = (
				512A62D92B6BEAC0005BD723 /* SceneDelegate.swift */,
				51BC33362B766B8A00F5E032 /* Builder.swift */,
				512A62D72B6BEAC0005BD723 /* AppDelegate.swift */,
				51BC333C2B77E61900F5E032 /* Settings */,
				512A62ED2B6BECB2005BD723 /* FileManager */,
				51BC33292B6FD70400F5E032 /* Login */,
				512A62E02B6BEAC4005BD723 /* Assets.xcassets */,
				512A62E22B6BEAC4005BD723 /* LaunchScreen.storyboard */,
				512A62E52B6BEAC4005BD723 /* Info.plist */,
				51BC332A2B6FD8E800F5E032 /* UIKitExtension.swift */,
			);
			path = FileManager_BlinovIOS39;
			sourceTree = "<group>";
		};
		512A62ED2B6BECB2005BD723 /* FileManager */ = {
			isa = PBXGroup;
			children = (
				512A62EB2B6BEB84005BD723 /* FileManagerView.swift */,
				512A62EE2B6BEECD005BD723 /* FileManagerService.swift */,
				51DFFF7E2B6D2F5300499FE9 /* ImagePicker.swift */,
			);
			path = FileManager;
			sourceTree = "<group>";
		};
		51BC33292B6FD70400F5E032 /* Login */ = {
			isa = PBXGroup;
			children = (
				51BC33272B6FD6F400F5E032 /* LoginView.swift */,
				51BC332F2B751AF500F5E032 /* LoginPresenter.swift */,
				51BC33342B765FAD00F5E032 /* KeychainManager.swift */,
			);
			path = Login;
			sourceTree = "<group>";
		};
		51BC333C2B77E61900F5E032 /* Settings */ = {
			isa = PBXGroup;
			children = (
				51BC33382B76C06C00F5E032 /* SettingsView.swift */,
				51BC333A2B77787900F5E032 /* UserDefaults.swift */,
			);
			path = Settings;
			sourceTree = "<group>";
		};
/* End PBXGroup section */

/* Begin PBXNativeTarget section */
		512A62D32B6BEAC0005BD723 /* FileManager_BlinovIOS39 */ = {
			isa = PBXNativeTarget;
			buildConfigurationList = 512A62E82B6BEAC4005BD723 /* Build configuration list for PBXNativeTarget "FileManager_BlinovIOS39" */;
			buildPhases = (
				512A62D02B6BEAC0005BD723 /* Sources */,
				512A62D12B6BEAC0005BD723 /* Frameworks */,
				512A62D22B6BEAC0005BD723 /* Resources */,
			);
			buildRules = (
			);
			dependencies = (
			);
			name = FileManager_BlinovIOS39;
			packageProductDependencies = (
				51BC33322B765F6400F5E032 /* KeychainSwift */,
			);
			productName = FileManager_BlinovIOS39;
			productReference = 512A62D42B6BEAC0005BD723 /* FileManager_BlinovIOS39.app */;
			productType = "com.apple.product-type.application";
		};
/* End PBXNativeTarget section */

/* Begin PBXProject section */
		512A62CC2B6BEAC0005BD723 /* Project object */ = {
			isa = PBXProject;
			attributes = {
				BuildIndependentTargetsInParallel = 1;
				LastSwiftUpdateCheck = 1500;
				LastUpgradeCheck = 1500;
				TargetAttributes = {
					512A62D32B6BEAC0005BD723 = {
						CreatedOnToolsVersion = 15.0;
					};
				};
			};
			buildConfigurationList = 512A62CF2B6BEAC0005BD723 /* Build configuration list for PBXProject "FileManager_BlinovIOS39" */;
			compatibilityVersion = "Xcode 14.0";
			developmentRegion = en;
			hasScannedForEncodings = 0;
			knownRegions = (
				en,
				Base,
			);
			mainGroup = 512A62CB2B6BEAC0005BD723;
			packageReferences = (
				51BC33312B765F6400F5E032 /* XCRemoteSwiftPackageReference "keychain-swift" */,
			);
			productRefGroup = 512A62D52B6BEAC0005BD723 /* Products */;
			projectDirPath = "";
			projectRoot = "";
			targets = (
				512A62D32B6BEAC0005BD723 /* FileManager_BlinovIOS39 */,
			);
		};
/* End PBXProject section */

/* Begin PBXResourcesBuildPhase section */
		512A62D22B6BEAC0005BD723 /* Resources */ = {
			isa = PBXResourcesBuildPhase;
			buildActionMask = 2147483647;
			files = (
				512A62E42B6BEAC4005BD723 /* LaunchScreen.storyboard in Resources */,
				512A62E12B6BEAC4005BD723 /* Assets.xcassets in Resources */,
			);
			runOnlyForDeploymentPostprocessing = 0;
		};
/* End PBXResourcesBuildPhase section */

/* Begin PBXSourcesBuildPhase section */
		512A62D02B6BEAC0005BD723 /* Sources */ = {
			isa = PBXSourcesBuildPhase;
			buildActionMask = 2147483647;
			files = (
				51BC33352B765FAD00F5E032 /* KeychainManager.swift in Sources */,
				51BC33302B751AF500F5E032 /* LoginPresenter.swift in Sources */,
				51BC33282B6FD6F400F5E032 /* LoginView.swift in Sources */,
				512A62EF2B6BEECD005BD723 /* FileManagerService.swift in Sources */,
				512A62D82B6BEAC0005BD723 /* AppDelegate.swift in Sources */,
				51DFFF7F2B6D2F5300499FE9 /* ImagePicker.swift in Sources */,
				51BC332B2B6FD8E800F5E032 /* UIKitExtension.swift in Sources */,
				512A62EC2B6BEB84005BD723 /* FileManagerView.swift in Sources */,
				51BC333B2B77787900F5E032 /* UserDefaults.swift in Sources */,
				512A62DA2B6BEAC0005BD723 /* SceneDelegate.swift in Sources */,
				51BC33372B766B8A00F5E032 /* Builder.swift in Sources */,
				51BC33392B76C06C00F5E032 /* SettingsView.swift in Sources */,
			);
			runOnlyForDeploymentPostprocessing = 0;
		};
/* End PBXSourcesBuildPhase section */

/* Begin PBXVariantGroup section */
		512A62E22B6BEAC4005BD723 /* LaunchScreen.storyboard */ = {
			isa = PBXVariantGroup;
			children = (
				512A62E32B6BEAC4005BD723 /* Base */,
			);
			name = LaunchScreen.storyboard;
			sourceTree = "<group>";
		};
/* End PBXVariantGroup section */

/* Begin XCBuildConfiguration section */
		512A62E62B6BEAC4005BD723 /* Debug */ = {
			isa = XCBuildConfiguration;
			buildSettings = {
				ALWAYS_SEARCH_USER_PATHS = NO;
				ASSETCATALOG_COMPILER_GENERATE_SWIFT_ASSET_SYMBOL_EXTENSIONS = YES;
				CLANG_ANALYZER_NONNULL = YES;
				CLANG_ANALYZER_NUMBER_OBJECT_CONVERSION = YES_AGGRESSIVE;
				CLANG_CXX_LANGUAGE_STANDARD = "gnu++20";
				CLANG_ENABLE_MODULES = YES;
				CLANG_ENABLE_OBJC_ARC = YES;
				CLANG_ENABLE_OBJC_WEAK = YES;
				CLANG_WARN_BLOCK_CAPTURE_AUTORELEASING = YES;
				CLANG_WARN_BOOL_CONVERSION = YES;
				CLANG_WARN_COMMA = YES;
				CLANG_WARN_CONSTANT_CONVERSION = YES;
				CLANG_WARN_DEPRECATED_OBJC_IMPLEMENTATIONS = YES;
				CLANG_WARN_DIRECT_OBJC_ISA_USAGE = YES_ERROR;
				CLANG_WARN_DOCUMENTATION_COMMENTS = YES;
				CLANG_WARN_EMPTY_BODY = YES;
				CLANG_WARN_ENUM_CONVERSION = YES;
				CLANG_WARN_INFINITE_RECURSION = YES;
				CLANG_WARN_INT_CONVERSION = YES;
				CLANG_WARN_NON_LITERAL_NULL_CONVERSION = YES;
				CLANG_WARN_OBJC_IMPLICIT_RETAIN_SELF = YES;
				CLANG_WARN_OBJC_LITERAL_CONVERSION = YES;
				CLANG_WARN_OBJC_ROOT_CLASS = YES_ERROR;
				CLANG_WARN_QUOTED_INCLUDE_IN_FRAMEWORK_HEADER = YES;
				CLANG_WARN_RANGE_LOOP_ANALYSIS = YES;
				CLANG_WARN_STRICT_PROTOTYPES = YES;
				CLANG_WARN_SUSPICIOUS_MOVE = YES;
				CLANG_WARN_UNGUARDED_AVAILABILITY = YES_AGGRESSIVE;
				CLANG_WARN_UNREACHABLE_CODE = YES;
				CLANG_WARN__DUPLICATE_METHOD_MATCH = YES;
				COPY_PHASE_STRIP = NO;
				DEBUG_INFORMATION_FORMAT = dwarf;
				ENABLE_STRICT_OBJC_MSGSEND = YES;
				ENABLE_TESTABILITY = YES;
				ENABLE_USER_SCRIPT_SANDBOXING = YES;
				GCC_C_LANGUAGE_STANDARD = gnu17;
				GCC_DYNAMIC_NO_PIC = NO;
				GCC_NO_COMMON_BLOCKS = YES;
				GCC_OPTIMIZATION_LEVEL = 0;
				GCC_PREPROCESSOR_DEFINITIONS = (
					"DEBUG=1",
					"$(inherited)",
				);
				GCC_WARN_64_TO_32_BIT_CONVERSION = YES;
				GCC_WARN_ABOUT_RETURN_TYPE = YES_ERROR;
				GCC_WARN_UNDECLARED_SELECTOR = YES;
				GCC_WARN_UNINITIALIZED_AUTOS = YES_AGGRESSIVE;
				GCC_WARN_UNUSED_FUNCTION = YES;
				GCC_WARN_UNUSED_VARIABLE = YES;
				IPHONEOS_DEPLOYMENT_TARGET = 17.0;
				LOCALIZATION_PREFERS_STRING_CATALOGS = YES;
				MTL_ENABLE_DEBUG_INFO = INCLUDE_SOURCE;
				MTL_FAST_MATH = YES;
				ONLY_ACTIVE_ARCH = YES;
				SDKROOT = iphoneos;
				SWIFT_ACTIVE_COMPILATION_CONDITIONS = "DEBUG $(inherited)";
				SWIFT_OPTIMIZATION_LEVEL = "-Onone";
			};
			name = Debug;
		};
		512A62E72B6BEAC4005BD723 /* Release */ = {
			isa = XCBuildConfiguration;
			buildSettings = {
				ALWAYS_SEARCH_USER_PATHS = NO;
				ASSETCATALOG_COMPILER_GENERATE_SWIFT_ASSET_SYMBOL_EXTENSIONS = YES;
				CLANG_ANALYZER_NONNULL = YES;
				CLANG_ANALYZER_NUMBER_OBJECT_CONVERSION = YES_AGGRESSIVE;
				CLANG_CXX_LANGUAGE_STANDARD = "gnu++20";
				CLANG_ENABLE_MODULES = YES;
				CLANG_ENABLE_OBJC_ARC = YES;
				CLANG_ENABLE_OBJC_WEAK = YES;
				CLANG_WARN_BLOCK_CAPTURE_AUTORELEASING = YES;
				CLANG_WARN_BOOL_CONVERSION = YES;
				CLANG_WARN_COMMA = YES;
				CLANG_WARN_CONSTANT_CONVERSION = YES;
				CLANG_WARN_DEPRECATED_OBJC_IMPLEMENTATIONS = YES;
				CLANG_WARN_DIRECT_OBJC_ISA_USAGE = YES_ERROR;
				CLANG_WARN_DOCUMENTATION_COMMENTS = YES;
				CLANG_WARN_EMPTY_BODY = YES;
				CLANG_WARN_ENUM_CONVERSION = YES;
				CLANG_WARN_INFINITE_RECURSION = YES;
				CLANG_WARN_INT_CONVERSION = YES;
				CLANG_WARN_NON_LITERAL_NULL_CONVERSION = YES;
				CLANG_WARN_OBJC_IMPLICIT_RETAIN_SELF = YES;
				CLANG_WARN_OBJC_LITERAL_CONVERSION = YES;
				CLANG_WARN_OBJC_ROOT_CLASS = YES_ERROR;
				CLANG_WARN_QUOTED_INCLUDE_IN_FRAMEWORK_HEADER = YES;
				CLANG_WARN_RANGE_LOOP_ANALYSIS = YES;
				CLANG_WARN_STRICT_PROTOTYPES = YES;
				CLANG_WARN_SUSPICIOUS_MOVE = YES;
				CLANG_WARN_UNGUARDED_AVAILABILITY = YES_AGGRESSIVE;
				CLANG_WARN_UNREACHABLE_CODE = YES;
				CLANG_WARN__DUPLICATE_METHOD_MATCH = YES;
				COPY_PHASE_STRIP = NO;
				DEBUG_INFORMATION_FORMAT = "dwarf-with-dsym";
				ENABLE_NS_ASSERTIONS = NO;
				ENABLE_STRICT_OBJC_MSGSEND = YES;
				ENABLE_USER_SCRIPT_SANDBOXING = YES;
				GCC_C_LANGUAGE_STANDARD = gnu17;
				GCC_NO_COMMON_BLOCKS = YES;
				GCC_WARN_64_TO_32_BIT_CONVERSION = YES;
				GCC_WARN_ABOUT_RETURN_TYPE = YES_ERROR;
				GCC_WARN_UNDECLARED_SELECTOR = YES;
				GCC_WARN_UNINITIALIZED_AUTOS = YES_AGGRESSIVE;
				GCC_WARN_UNUSED_FUNCTION = YES;
				GCC_WARN_UNUSED_VARIABLE = YES;
				IPHONEOS_DEPLOYMENT_TARGET = 17.0;
				LOCALIZATION_PREFERS_STRING_CATALOGS = YES;
				MTL_ENABLE_DEBUG_INFO = NO;
				MTL_FAST_MATH = YES;
				SDKROOT = iphoneos;
				SWIFT_COMPILATION_MODE = wholemodule;
				VALIDATE_PRODUCT = YES;
			};
			name = Release;
		};
		512A62E92B6BEAC4005BD723 /* Debug */ = {
			isa = XCBuildConfiguration;
			buildSettings = {
				ASSETCATALOG_COMPILER_APPICON_NAME = AppIcon;
				ASSETCATALOG_COMPILER_GLOBAL_ACCENT_COLOR_NAME = AccentColor;
				CODE_SIGN_STYLE = Automatic;
				CURRENT_PROJECT_VERSION = 1;
				DEVELOPMENT_TEAM = L24ACGSC43;
				GENERATE_INFOPLIST_FILE = YES;
				INFOPLIST_FILE = FileManager_BlinovIOS39/Info.plist;
				INFOPLIST_KEY_UIApplicationSupportsIndirectInputEvents = YES;
				INFOPLIST_KEY_UILaunchStoryboardName = LaunchScreen;
				INFOPLIST_KEY_UISupportedInterfaceOrientations_iPad = "UIInterfaceOrientationPortrait UIInterfaceOrientationPortraitUpsideDown UIInterfaceOrientationLandscapeLeft UIInterfaceOrientationLandscapeRight";
				INFOPLIST_KEY_UISupportedInterfaceOrientations_iPhone = "UIInterfaceOrientationPortrait UIInterfaceOrientationLandscapeLeft UIInterfaceOrientationLandscapeRight";
				LD_RUNPATH_SEARCH_PATHS = (
					"$(inherited)",
					"@executable_path/Frameworks",
				);
				MARKETING_VERSION = 1.0;
				PRODUCT_BUNDLE_IDENTIFIER = "ecorp.red.FileManager-BlinovIOS39";
				PRODUCT_NAME = "$(TARGET_NAME)";
				SWIFT_EMIT_LOC_STRINGS = YES;
				SWIFT_VERSION = 5.0;
				TARGETED_DEVICE_FAMILY = "1,2";
			};
			name = Debug;
		};
		512A62EA2B6BEAC4005BD723 /* Release */ = {
			isa = XCBuildConfiguration;
			buildSettings = {
				ASSETCATALOG_COMPILER_APPICON_NAME = AppIcon;
				ASSETCATALOG_COMPILER_GLOBAL_ACCENT_COLOR_NAME = AccentColor;
				CODE_SIGN_STYLE = Automatic;
				CURRENT_PROJECT_VERSION = 1;
				DEVELOPMENT_TEAM = L24ACGSC43;
				GENERATE_INFOPLIST_FILE = YES;
				INFOPLIST_FILE = FileManager_BlinovIOS39/Info.plist;
				INFOPLIST_KEY_UIApplicationSupportsIndirectInputEvents = YES;
				INFOPLIST_KEY_UILaunchStoryboardName = LaunchScreen;
				INFOPLIST_KEY_UISupportedInterfaceOrientations_iPad = "UIInterfaceOrientationPortrait UIInterfaceOrientationPortraitUpsideDown UIInterfaceOrientationLandscapeLeft UIInterfaceOrientationLandscapeRight";
				INFOPLIST_KEY_UISupportedInterfaceOrientations_iPhone = "UIInterfaceOrientationPortrait UIInterfaceOrientationLandscapeLeft UIInterfaceOrientationLandscapeRight";
				LD_RUNPATH_SEARCH_PATHS = (
					"$(inherited)",
					"@executable_path/Frameworks",
				);
				MARKETING_VERSION = 1.0;
				PRODUCT_BUNDLE_IDENTIFIER = "ecorp.red.FileManager-BlinovIOS39";
				PRODUCT_NAME = "$(TARGET_NAME)";
				SWIFT_EMIT_LOC_STRINGS = YES;
				SWIFT_VERSION = 5.0;
				TARGETED_DEVICE_FAMILY = "1,2";
			};
			name = Release;
		};
/* End XCBuildConfiguration section */

/* Begin XCConfigurationList section */
		512A62CF2B6BEAC0005BD723 /* Build configuration list for PBXProject "FileManager_BlinovIOS39" */ = {
			isa = XCConfigurationList;
			buildConfigurations = (
				512A62E62B6BEAC4005BD723 /* Debug */,
				512A62E72B6BEAC4005BD723 /* Release */,
			);
			defaultConfigurationIsVisible = 0;
			defaultConfigurationName = Release;
		};
		512A62E82B6BEAC4005BD723 /* Build configuration list for PBXNativeTarget "FileManager_BlinovIOS39" */ = {
			isa = XCConfigurationList;
			buildConfigurations = (
				512A62E92B6BEAC4005BD723 /* Debug */,
				512A62EA2B6BEAC4005BD723 /* Release */,
			);
			defaultConfigurationIsVisible = 0;
			defaultConfigurationName = Release;
		};
/* End XCConfigurationList section */

/* Begin XCRemoteSwiftPackageReference section */
		51BC33312B765F6400F5E032 /* XCRemoteSwiftPackageReference "keychain-swift" */ = {
			isa = XCRemoteSwiftPackageReference;
			repositoryURL = "https://github.com/evgenyneu/keychain-swift.git";
			requirement = {
				kind = upToNextMinorVersion;
				minimumVersion = 21.0.0;
			};
		};
/* End XCRemoteSwiftPackageReference section */

/* Begin XCSwiftPackageProductDependency section */
		51BC33322B765F6400F5E032 /* KeychainSwift */ = {
			isa = XCSwiftPackageProductDependency;
			package = 51BC33312B765F6400F5E032 /* XCRemoteSwiftPackageReference "keychain-swift" */;
			productName = KeychainSwift;
		};
/* End XCSwiftPackageProductDependency section */
	};
	rootObject = 512A62CC2B6BEAC0005BD723 /* Project object */;
}
